<?xml version="1.0" encoding="utf-8"?>
<Project ToolsVersion="4.0" xmlns="http://schemas.microsoft.com/developer/msbuild/2003">
  <ItemGroup>
    <Filter Include="Quelldateien">
      <UniqueIdentifier>{4FC737F1-C7A5-4376-A066-2A32D752A2FF}</UniqueIdentifier>
      <Extensions>cpp;c;cc;cxx;c++;cppm;ixx;def;odl;idl;hpj;bat;asm;asmx</Extensions>
    </Filter>
    <Filter Include="Ressourcendateien">
      <UniqueIdentifier>{67DA6AB6-F800-4c08-8B7A-83BB121AAD01}</UniqueIdentifier>
      <Extensions>rc;ico;cur;bmp;dlg;rc2;rct;bin;rgs;gif;jpg;jpeg;jpe;resx;tiff;tif;png;wav;mfcribbon-ms</Extensions>
    </Filter>
    <Filter Include="Headerdateien">
      <UniqueIdentifier>{c208b0bd-1834-463c-b144-9bbbddb7e5b4}</UniqueIdentifier>
    </Filter>
    <Filter Include="GUI">
      <UniqueIdentifier>{2fc9a7fe-b6c1-48b8-804a-04fd75b447af}</UniqueIdentifier>
    </Filter>
    <Filter Include="Utils">
      <UniqueIdentifier>{0217e6b3-cfa9-454a-9faa-e123c999e909}</UniqueIdentifier>
    </Filter>
    <Filter Include="Features">
      <UniqueIdentifier>{8084e8d9-135a-4d50-b1e5-05828a3ff0e6}</UniqueIdentifier>
    </Filter>
  </ItemGroup>
  <ItemGroup>
    <Resource Include="Resources\hitmarker.res">
      <Filter>Ressourcendateien</Filter>
    </Resource>
  </ItemGroup>
  <ItemGroup>
    <ClInclude Include="Header\Includes.h">
      <Filter>Headerdateien</Filter>
    </ClInclude>
    <ClInclude Include="Utils\D3D9Device.h">
      <Filter>Utils</Filter>
    </ClInclude>
    <ClInclude Include="Utils\NetvarManager.h">
      <Filter>Utils</Filter>
    </ClInclude>
    <ClInclude Include="Utils\Offsets.h">
      <Filter>Utils</Filter>
    </ClInclude>
    <ClInclude Include="Utils\Patternscanning.h">
      <Filter>Utils</Filter>
    </ClInclude>
    <ClInclude Include="Utils\TrampHook.h">
      <Filter>Utils</Filter>
    </ClInclude>
    <ClInclude Include="Utils\Utils.h">
      <Filter>Utils</Filter>
    </ClInclude>
    <ClInclude Include="GUI\Draw.h">
      <Filter>GUI</Filter>
    </ClInclude>
    <ClInclude Include="Utils\Hooks.h">
      <Filter>Utils</Filter>
    </ClInclude>
    <ClInclude Include="Utils\Geometrics.h">
      <Filter>Utils</Filter>
    </ClInclude>
    <ClInclude Include="Features\ESP.h">
      <Filter>Features</Filter>
    </ClInclude>
  </ItemGroup>
  <ItemGroup>
    <ClCompile Include="dllmain.cpp">
      <Filter>Quelldateien</Filter>
    </ClCompile>
    <ClCompile Include="Utils\D3D9Device.cpp">
      <Filter>Utils</Filter>
    </ClCompile>
    <ClCompile Include="Utils\NetvarManager.cpp">
      <Filter>Utils</Filter>
    </ClCompile>
    <ClCompile Include="Utils\Offsets.cpp">
      <Filter>Utils</Filter>
    </ClCompile>
    <ClCompile Include="Utils\Patternscanning.cpp">
      <Filter>Utils</Filter>
    </ClCompile>
    <ClCompile Include="Utils\TrampHook.cpp">
      <Filter>Utils</Filter>
    </ClCompile>
    <ClCompile Include="Utils\Utils.cpp">
      <Filter>Utils</Filter>
    </ClCompile>
    <ClCompile Include="GUI\Draw.cpp">
      <Filter>GUI</Filter>
    </ClCompile>
    <ClCompile Include="Utils\Hooks.cpp">
      <Filter>Utils</Filter>
    </ClCompile>
    <ClCompile Include="Utils\Geometrics.cpp">
      <Filter>Utils</Filter>
    </ClCompile>
    <ClCompile Include="Features\ESP.cpp">
      <Filter>Features</Filter>
    </ClCompile>
  </ItemGroup>
</Project>